
Microsoft Visual Studio Solution File, Format Version 12.00
# Visual Studio Version 17
VisualStudioVersion = 17.4.33213.308
MinimumVisualStudioVersion = 10.0.40219.1
Project("{FAE04EC0-301F-11D3-BF4B-00C04F79EFBC}") = "Correios.Test", "Correios.Test\Correios.Test.csproj", "{D7FBF345-38D2-4F64-A9EF-774F1A7173C4}"
EndProject
Global
	GlobalSection(SolutionConfigurationPlatforms) = preSolution
		Debug|Any CPU = Debug|Any CPU
		Release|Any CPU = Release|Any CPU
	EndGlobalSection
	GlobalSection(ProjectConfigurationPlatforms) = postSolution
		{D7FBF345-38D2-4F64-A9EF-774F1A7173C4}.Debug|Any CPU.ActiveCfg = Debug|Any CPU
		{D7FBF345-38D2-4F64-A9EF-774F1A7173C4}.Debug|Any CPU.Build.0 = Debug|Any CPU
		{D7FBF345-38D2-4F64-A9EF-774F1A7173C4}.Release|Any CPU.ActiveCfg = Release|Any CPU
		{D7FBF345-38D2-4F64-A9EF-774F1A7173C4}.Release|Any CPU.Build.0 = Release|Any CPU
	EndGlobalSection
	GlobalSection(SolutionProperties) = preSolution
		HideSolutionNode = FALSE
	EndGlobalSection
	GlobalSection(ExtensibilityGlobals) = postSolution
		SolutionGuid = {0E08AEE5-1E88-4585-8B13-8593021C5AFF}
	EndGlobalSection
EndGlobal
